
Microsoft Visual Studio Solution File, Format Version 12.00
# Visual Studio Version 17
VisualStudioVersion = 17.0.32014.148
MinimumVisualStudioVersion = 10.0.40219.1
Project("{FAE04EC0-301F-11D3-BF4B-00C04F79EFBC}") = "ClassWork_WPF_02042023_01", "ClassWork_WPF_02042023_01\ClassWork_WPF_02042023_01.csproj", "{7DD243BD-7260-4327-80CC-5BFA711C8D0C}"
EndProject
Global
	GlobalSection(SolutionConfigurationPlatforms) = preSolution
		Debug|Any CPU = Debug|Any CPU
		Release|Any CPU = Release|Any CPU
	EndGlobalSection
	GlobalSection(ProjectConfigurationPlatforms) = postSolution
		{7DD243BD-7260-4327-80CC-5BFA711C8D0C}.Debug|Any CPU.ActiveCfg = Debug|Any CPU
		{7DD243BD-7260-4327-80CC-5BFA711C8D0C}.Debug|Any CPU.Build.0 = Debug|Any CPU
		{7DD243BD-7260-4327-80CC-5BFA711C8D0C}.Release|Any CPU.ActiveCfg = Release|Any CPU
		{7DD243BD-7260-4327-80CC-5BFA711C8D0C}.Release|Any CPU.Build.0 = Release|Any CPU
	EndGlobalSection
	GlobalSection(SolutionProperties) = preSolution
		HideSolutionNode = FALSE
	EndGlobalSection
	GlobalSection(ExtensibilityGlobals) = postSolution
		SolutionGuid = {15455A15-FB0F-48A1-BFA5-95F31DB6BF3F}
	EndGlobalSection
EndGlobal
